
Microsoft Visual Studio Solution File, Format Version 12.00
# Visual Studio Version 16
VisualStudioVersion = 16.0.30413.136
MinimumVisualStudioVersion = 10.0.40219.1
Project("{FAE04EC0-301F-11D3-BF4B-00C04F79EFBC}") = "LoginApp", "LoginApp\LoginApp.csproj", "{973DCC6A-52EF-49B1-978A-786E69A12C0D}"
EndProject
Global
	GlobalSection(SolutionConfigurationPlatforms) = preSolution
		Debug|Any CPU = Debug|Any CPU
		Release|Any CPU = Release|Any CPU
	EndGlobalSection
	GlobalSection(ProjectConfigurationPlatforms) = postSolution
		{973DCC6A-52EF-49B1-978A-786E69A12C0D}.Debug|Any CPU.ActiveCfg = Debug|Any CPU
		{973DCC6A-52EF-49B1-978A-786E69A12C0D}.Debug|Any CPU.Build.0 = Debug|Any CPU
		{973DCC6A-52EF-49B1-978A-786E69A12C0D}.Release|Any CPU.ActiveCfg = Release|Any CPU
		{973DCC6A-52EF-49B1-978A-786E69A12C0D}.Release|Any CPU.Build.0 = Release|Any CPU
	EndGlobalSection
	GlobalSection(SolutionProperties) = preSolution
		HideSolutionNode = FALSE
	EndGlobalSection
	GlobalSection(ExtensibilityGlobals) = postSolution
		SolutionGuid = {9E1F2C2A-DC16-4458-8538-C74B9476FC75}
	EndGlobalSection
EndGlobal
